
Microsoft Visual Studio Solution File, Format Version 11.00
# Visual Studio 2010
Project("{FAE04EC0-301F-11D3-BF4B-00C04F79EFBC}") = "WebClient", "WebClient.csproj", "{0E40E5AB-3776-4FF1-8B7D-C3E979C799EA}"
EndProject
Project("{FAE04EC0-301F-11D3-BF4B-00C04F79EFBC}") = "BarCodeGenerator", "..\..\PlantOperatorClient\TimberPlantController\BarCodeGenerator\BarCodeGenerator.csproj", "{D3A93771-6A17-41D7-B5C6-FBC8A7B46F43}"
EndProject
Global
	GlobalSection(SolutionConfigurationPlatforms) = preSolution
		Debug|Any CPU = Debug|Any CPU
		Release|Any CPU = Release|Any CPU
	EndGlobalSection
	GlobalSection(ProjectConfigurationPlatforms) = postSolution
		{0E40E5AB-3776-4FF1-8B7D-C3E979C799EA}.Debug|Any CPU.ActiveCfg = Debug|Any CPU
		{0E40E5AB-3776-4FF1-8B7D-C3E979C799EA}.Debug|Any CPU.Build.0 = Debug|Any CPU
		{0E40E5AB-3776-4FF1-8B7D-C3E979C799EA}.Release|Any CPU.ActiveCfg = Release|Any CPU
		{0E40E5AB-3776-4FF1-8B7D-C3E979C799EA}.Release|Any CPU.Build.0 = Release|Any CPU
		{D3A93771-6A17-41D7-B5C6-FBC8A7B46F43}.Debug|Any CPU.ActiveCfg = Debug|Any CPU
		{D3A93771-6A17-41D7-B5C6-FBC8A7B46F43}.Debug|Any CPU.Build.0 = Debug|Any CPU
		{D3A93771-6A17-41D7-B5C6-FBC8A7B46F43}.Release|Any CPU.ActiveCfg = Release|Any CPU
		{D3A93771-6A17-41D7-B5C6-FBC8A7B46F43}.Release|Any CPU.Build.0 = Release|Any CPU
	EndGlobalSection
	GlobalSection(SolutionProperties) = preSolution
		HideSolutionNode = FALSE
	EndGlobalSection
EndGlobal
